// !$*UTF8*$!
{
	archiveVersion = 1;
	classes = {
	};
	objectVersion = 77;
	objects = {

/* Begin PBXBuildFile section */
		A5795CAB2F29E374002DDD8B /* StreamVideoSwiftUI in Frameworks */ = {isa = PBXBuildFile; productRef = A5795CAA2F29E374002DDD8B /* StreamVideoSwiftUI */; };
		A5795CAD2F29E385002DDD8B /* StreamVideo in Frameworks */ = {isa = PBXBuildFile; productRef = A5795CAC2F29E385002DDD8B /* StreamVideo */; };
/* End PBXBuildFile section */

/* Begin PBXContainerItemProxy section */
		A5795C082F2868EA002DDD8B /* PBXContainerItemProxy */ = {
			isa = PBXContainerItemProxy;
			containerPortal = A5795BF22F2868E9002DDD8B /* Project object */;
			proxyType = 1;
			remoteGlobalIDString = A5795BF92F2868E9002DDD8B;
			remoteInfo = "voicebox-1-26";
		};
		A5795C122F2868EA002DDD8B /* PBXContainerItemProxy */ = {
			isa = PBXContainerItemProxy;
			containerPortal = A5795BF22F2868E9002DDD8B /* Project object */;
			proxyType = 1;
			remoteGlobalIDString = A5795BF92F2868E9002DDD8B;
			remoteInfo = "voicebox-1-26";
		};
/* End PBXContainerItemProxy section */

/* Begin PBXFileReference section */
		A5795BFA2F2868E9002DDD8B /* voicebox-1-26.app */ = {isa = PBXFileReference; explicitFileType = wrapper.application; includeInIndex = 0; path = "voicebox-1-26.app"; sourceTree = BUILT_PRODUCTS_DIR; };
		A5795C072F2868EA002DDD8B /* voicebox-1-26Tests.xctest */ = {isa = PBXFileReference; explicitFileType = wrapper.cfbundle; includeInIndex = 0; path = "voicebox-1-26Tests.xctest"; sourceTree = BUILT_PRODUCTS_DIR; };
		A5795C112F2868EA002DDD8B /* voicebox-1-26UITests.xctest */ = {isa = PBXFileReference; explicitFileType = wrapper.cfbundle; includeInIndex = 0; path = "voicebox-1-26UITests.xctest"; sourceTree = BUILT_PRODUCTS_DIR; };
/* End PBXFileReference section */

/* Begin PBXFileSystemSynchronizedRootGroup section */
		A5795BFC2F2868E9002DDD8B /* voicebox-1-26 */ = {
			isa = PBXFileSystemSynchronizedRootGroup;
			path = "voicebox-1-26";
			sourceTree = "<group>";
		};
		A5795C0A2F2868EA002DDD8B /* voicebox-1-26Tests */ = {
			isa = PBXFileSystemSynchronizedRootGroup;
			path = "voicebox-1-26Tests";
			sourceTree = "<group>";
		};
		A5795C142F2868EA002DDD8B /* voicebox-1-26UITests */ = {
			isa = PBXFileSystemSynchronizedRootGroup;
			path = "voicebox-1-26UITests";
			sourceTree = "<group>";
		};
/* End PBXFileSystemSynchronizedRootGroup section */

/* Begin PBXFrameworksBuildPhase section */
		A5795BF72F2868E9002DDD8B /* Frameworks */ = {
			isa = PBXFrameworksBuildPhase;
			buildActionMask = 2147483647;
			files = (
				A5795CAD2F29E385002DDD8B /* StreamVideo in Frameworks */,
				A5795CAB2F29E374002DDD8B /* StreamVideoSwiftUI in Frameworks */,
			);
			runOnlyForDeploymentPostprocessing = 0;
		};
		A5795C042F2868EA002DDD8B /* Frameworks */ = {
			isa = PBXFrameworksBuildPhase;
			buildActionMask = 2147483647;
			files = (
			);
			runOnlyForDeploymentPostprocessing = 0;
		};
		A5795C0E2F2868EA002DDD8B /* Frameworks */ = {
			isa = PBXFrameworksBuildPhase;
			buildActionMask = 2147483647;
			files = (
			);
			runOnlyForDeploymentPostprocessing = 0;
		};
/* End PBXFrameworksBuildPhase section */

/* Begin PBXGroup section */
		A5795BF12F2868E9002DDD8B = {
			isa = PBXGroup;
			children = (
				A5795BFC2F2868E9002DDD8B /* voicebox-1-26 */,
				A5795C0A2F2868EA002DDD8B /* voicebox-1-26Tests */,
				A5795C142F2868EA002DDD8B /* voicebox-1-26UITests */,
				A5795BFB2F2868E9002DDD8B /* Products */,
			);
			sourceTree = "<group>";
		};
		A5795BFB2F2868E9002DDD8B /* Products */ = {
			isa = PBXGroup;
			children = (
				A5795BFA2F2868E9002DDD8B /* voicebox-1-26.app */,
				A5795C072F2868EA002DDD8B /* voicebox-1-26Tests.xctest */,
				A5795C112F2868EA002DDD8B /* voicebox-1-26UITests.xctest */,
			);
			name = Products;
			sourceTree = "<group>";
		};
/* End PBXGroup section */

/* Begin PBXNativeTarget section */
		A5795BF92F2868E9002DDD8B /* voicebox-1-26 */ = {
			isa = PBXNativeTarget;
			buildConfigurationList = A5795C1B2F2868EA002DDD8B /* Build configuration list for PBXNativeTarget "voicebox-1-26" */;
			buildPhases = (
				A5795BF62F2868E9002DDD8B /* Sources */,
				A5795BF72F2868E9002DDD8B /* Frameworks */,
				A5795BF82F2868E9002DDD8B /* Resources */,
			);
			buildRules = (
			);
			dependencies = (
			);
			fileSystemSynchronizedGroups = (
				A5795BFC2F2868E9002DDD8B /* voicebox-1-26 */,
			);
			name = "voicebox-1-26";
			packageProductDependencies = (
				A5795CAA2F29E374002DDD8B /* StreamVideoSwiftUI */,
				A5795CAC2F29E385002DDD8B /* StreamVideo */,
			);
			productName = "voicebox-1-26";
			productReference = A5795BFA2F2868E9002DDD8B /* voicebox-1-26.app */;
			productType = "com.apple.product-type.application";
		};
		A5795C062F2868EA002DDD8B /* voicebox-1-26Tests */ = {
			isa = PBXNativeTarget;
			buildConfigurationList = A5795C1E2F2868EA002DDD8B /* Build configuration list for PBXNativeTarget "voicebox-1-26Tests" */;
			buildPhases = (
				A5795C032F2868EA002DDD8B /* Sources */,
				A5795C042F2868EA002DDD8B /* Frameworks */,
				A5795C052F2868EA002DDD8B /* Resources */,
			);
			buildRules = (
			);
			dependencies = (
				A5795C092F2868EA002DDD8B /* PBXTargetDependency */,
			);
			fileSystemSynchronizedGroups = (
				A5795C0A2F2868EA002DDD8B /* voicebox-1-26Tests */,
			);
			name = "voicebox-1-26Tests";
			packageProductDependencies = (
			);
			productName = "voicebox-1-26Tests";
			productReference = A5795C072F2868EA002DDD8B /* voicebox-1-26Tests.xctest */;
			productType = "com.apple.product-type.bundle.unit-test";
		};
		A5795C102F2868EA002DDD8B /* voicebox-1-26UITests */ = {
			isa = PBXNativeTarget;
			buildConfigurationList = A5795C212F2868EA002DDD8B /* Build configuration list for PBXNativeTarget "voicebox-1-26UITests" */;
			buildPhases = (
				A5795C0D2F2868EA002DDD8B /* Sources */,
				A5795C0E2F2868EA002DDD8B /* Frameworks */,
				A5795C0F2F2868EA002DDD8B /* Resources */,
			);
			buildRules = (
			);
			dependencies = (
				A5795C132F2868EA002DDD8B /* PBXTargetDependency */,
			);
			fileSystemSynchronizedGroups = (
				A5795C142F2868EA002DDD8B /* voicebox-1-26UITests */,
			);
			name = "voicebox-1-26UITests";
			packageProductDependencies = (
			);
			productName = "voicebox-1-26UITests";
			productReference = A5795C112F2868EA002DDD8B /* voicebox-1-26UITests.xctest */;
			productType = "com.apple.product-type.bundle.ui-testing";
		};
/* End PBXNativeTarget section */

/* Begin PBXProject section */
		A5795BF22F2868E9002DDD8B /* Project object */ = {
			isa = PBXProject;
			attributes = {
				BuildIndependentTargetsInParallel = 1;
				LastSwiftUpdateCheck = 2600;
				LastUpgradeCheck = 2600;
				TargetAttributes = {
					A5795BF92F2868E9002DDD8B = {
						CreatedOnToolsVersion = 26.0.1;
					};
					A5795C062F2868EA002DDD8B = {
						CreatedOnToolsVersion = 26.0.1;
						TestTargetID = A5795BF92F2868E9002DDD8B;
					};
					A5795C102F2868EA002DDD8B = {
						CreatedOnToolsVersion = 26.0.1;
						TestTargetID = A5795BF92F2868E9002DDD8B;
					};
				};
			};
			buildConfigurationList = A5795BF52F2868E9002DDD8B /* Build configuration list for PBXProject "voicebox-1-26" */;
			developmentRegion = en;
			hasScannedForEncodings = 0;
			knownRegions = (
				en,
				Base,
			);
			mainGroup = A5795BF12F2868E9002DDD8B;
			minimizedProjectReferenceProxies = 1;
			packageReferences = (
				A5795CA92F29E374002DDD8B /* XCRemoteSwiftPackageReference "stream-video-swift" */,
			);
			preferredProjectObjectVersion = 77;
			productRefGroup = A5795BFB2F2868E9002DDD8B /* Products */;
			projectDirPath = "";
			projectRoot = "";
			targets = (
				A5795BF92F2868E9002DDD8B /* voicebox-1-26 */,
				A5795C062F2868EA002DDD8B /* voicebox-1-26Tests */,
				A5795C102F2868EA002DDD8B /* voicebox-1-26UITests */,
			);
		};
/* End PBXProject section */

/* Begin PBXResourcesBuildPhase section */
		A5795BF82F2868E9002DDD8B /* Resources */ = {
			isa = PBXResourcesBuildPhase;
			buildActionMask = 2147483647;
			files = (
			);
			runOnlyForDeploymentPostprocessing = 0;
		};
		A5795C052F2868EA002DDD8B /* Resources */ = {
			isa = PBXResourcesBuildPhase;
			buildActionMask = 2147483647;
			files = (
			);
			runOnlyForDeploymentPostprocessing = 0;
		};
		A5795C0F2F2868EA002DDD8B /* Resources */ = {
			isa = PBXResourcesBuildPhase;
			buildActionMask = 2147483647;
			files = (
			);
			runOnlyForDeploymentPostprocessing = 0;
		};
/* End PBXResourcesBuildPhase section */

/* Begin PBXSourcesBuildPhase section */
		A5795BF62F2868E9002DDD8B /* Sources */ = {
			isa = PBXSourcesBuildPhase;
			buildActionMask = 2147483647;
			files = (
			);
			runOnlyForDeploymentPostprocessing = 0;
		};
		A5795C032F2868EA002DDD8B /* Sources */ = {
			isa = PBXSourcesBuildPhase;
			buildActionMask = 2147483647;
			files = (
			);
			runOnlyForDeploymentPostprocessing = 0;
		};
		A5795C0D2F2868EA002DDD8B /* Sources */ = {
			isa = PBXSourcesBuildPhase;
			buildActionMask = 2147483647;
			files = (
			);
			runOnlyForDeploymentPostprocessing = 0;
		};
/* End PBXSourcesBuildPhase section */

/* Begin PBXTargetDependency section */
		A5795C092F2868EA002DDD8B /* PBXTargetDependency */ = {
			isa = PBXTargetDependency;
			target = A5795BF92F2868E9002DDD8B /* voicebox-1-26 */;
			targetProxy = A5795C082F2868EA002DDD8B /* PBXContainerItemProxy */;
		};
		A5795C132F2868EA002DDD8B /* PBXTargetDependency */ = {
			isa = PBXTargetDependency;
			target = A5795BF92F2868E9002DDD8B /* voicebox-1-26 */;
			targetProxy = A5795C122F2868EA002DDD8B /* PBXContainerItemProxy */;
		};
/* End PBXTargetDependency section */

/* Begin XCBuildConfiguration section */
		A5795C192F2868EA002DDD8B /* Debug */ = {
			isa = XCBuildConfiguration;
			buildSettings = {
				ALWAYS_SEARCH_USER_PATHS = NO;
				ASSETCATALOG_COMPILER_GENERATE_SWIFT_ASSET_SYMBOL_EXTENSIONS = YES;
				CLANG_ANALYZER_NONNULL = YES;
				CLANG_ANALYZER_NUMBER_OBJECT_CONVERSION = YES_AGGRESSIVE;
				CLANG_CXX_LANGUAGE_STANDARD = "gnu++20";
				CLANG_ENABLE_MODULES = YES;
				CLANG_ENABLE_OBJC_ARC = YES;
				CLANG_ENABLE_OBJC_WEAK = YES;
				CLANG_WARN_BLOCK_CAPTURE_AUTORELEASING = YES;
				CLANG_WARN_BOOL_CONVERSION = YES;
				CLANG_WARN_COMMA = YES;
				CLANG_WARN_CONSTANT_CONVERSION = YES;
				CLANG_WARN_DEPRECATED_OBJC_IMPLEMENTATIONS = YES;
				CLANG_WARN_DIRECT_OBJC_ISA_USAGE = YES_ERROR;
				CLANG_WARN_DOCUMENTATION_COMMENTS = YES;
				CLANG_WARN_EMPTY_BODY = YES;
				CLANG_WARN_ENUM_CONVERSION = YES;
				CLANG_WARN_INFINITE_RECURSION = YES;
				CLANG_WARN_INT_CONVERSION = YES;
				CLANG_WARN_NON_LITERAL_NULL_CONVERSION = YES;
				CLANG_WARN_OBJC_IMPLICIT_RETAIN_SELF = YES;
				CLANG_WARN_OBJC_LITERAL_CONVERSION = YES;
				CLANG_WARN_OBJC_ROOT_CLASS = YES_ERROR;
				CLANG_WARN_QUOTED_INCLUDE_IN_FRAMEWORK_HEADER = YES;
				CLANG_WARN_RANGE_LOOP_ANALYSIS = YES;
				CLANG_WARN_STRICT_PROTOTYPES = YES;
				CLANG_WARN_SUSPICIOUS_MOVE = YES;
				CLANG_WARN_UNGUARDED_AVAILABILITY = YES_AGGRESSIVE;
				CLANG_WARN_UNREACHABLE_CODE = YES;
				CLANG_WARN__DUPLICATE_METHOD_MATCH = YES;
				COPY_PHASE_STRIP = NO;
				DEBUG_INFORMATION_FORMAT = dwarf;
				DEVELOPMENT_TEAM = G2CVP4KJ2Q;
				ENABLE_STRICT_OBJC_MSGSEND = YES;
				ENABLE_TESTABILITY = YES;
				ENABLE_USER_SCRIPT_SANDBOXING = YES;
				GCC_C_LANGUAGE_STANDARD = gnu17;
				GCC_DYNAMIC_NO_PIC = NO;
				GCC_NO_COMMON_BLOCKS = YES;
				GCC_OPTIMIZATION_LEVEL = 0;
				GCC_PREPROCESSOR_DEFINITIONS = (
					"DEBUG=1",
					"$(inherited)",
				);
				GCC_WARN_64_TO_32_BIT_CONVERSION = YES;
				GCC_WARN_ABOUT_RETURN_TYPE = YES_ERROR;
				GCC_WARN_UNDECLARED_SELECTOR = YES;
				GCC_WARN_UNINITIALIZED_AUTOS = YES_AGGRESSIVE;
				GCC_WARN_UNUSED_FUNCTION = YES;
				GCC_WARN_UNUSED_VARIABLE = YES;
				IPHONEOS_DEPLOYMENT_TARGET = 26.0;
				LOCALIZATION_PREFERS_STRING_CATALOGS = YES;
				MTL_ENABLE_DEBUG_INFO = INCLUDE_SOURCE;
				MTL_FAST_MATH = YES;
				ONLY_ACTIVE_ARCH = YES;
				SDKROOT = iphoneos;
				SWIFT_ACTIVE_COMPILATION_CONDITIONS = "DEBUG $(inherited)";
				SWIFT_OPTIMIZATION_LEVEL = "-Onone";
			};
			name = Debug;
		};
		A5795C1A2F2868EA002DDD8B /* Release */ = {
			isa = XCBuildConfiguration;
			buildSettings = {
				ALWAYS_SEARCH_USER_PATHS = NO;
				ASSETCATALOG_COMPILER_GENERATE_SWIFT_ASSET_SYMBOL_EXTENSIONS = YES;
				CLANG_ANALYZER_NONNULL = YES;
				CLANG_ANALYZER_NUMBER_OBJECT_CONVERSION = YES_AGGRESSIVE;
				CLANG_CXX_LANGUAGE_STANDARD = "gnu++20";
				CLANG_ENABLE_MODULES = YES;
				CLANG_ENABLE_OBJC_ARC = YES;
				CLANG_ENABLE_OBJC_WEAK = YES;
				CLANG_WARN_BLOCK_CAPTURE_AUTORELEASING = YES;
				CLANG_WARN_BOOL_CONVERSION = YES;
				CLANG_WARN_COMMA = YES;
				CLANG_WARN_CONSTANT_CONVERSION = YES;
				CLANG_WARN_DEPRECATED_OBJC_IMPLEMENTATIONS = YES;
				CLANG_WARN_DIRECT_OBJC_ISA_USAGE = YES_ERROR;
				CLANG_WARN_DOCUMENTATION_COMMENTS = YES;
				CLANG_WARN_EMPTY_BODY = YES;
				CLANG_WARN_ENUM_CONVERSION = YES;
				CLANG_WARN_INFINITE_RECURSION = YES;
				CLANG_WARN_INT_CONVERSION = YES;
				CLANG_WARN_NON_LITERAL_NULL_CONVERSION = YES;
				CLANG_WARN_OBJC_IMPLICIT_RETAIN_SELF = YES;
				CLANG_WARN_OBJC_LITERAL_CONVERSION = YES;
				CLANG_WARN_OBJC_ROOT_CLASS = YES_ERROR;
				CLANG_WARN_QUOTED_INCLUDE_IN_FRAMEWORK_HEADER = YES;
				CLANG_WARN_RANGE_LOOP_ANALYSIS = YES;
				CLANG_WARN_STRICT_PROTOTYPES = YES;
				CLANG_WARN_SUSPICIOUS_MOVE = YES;
				CLANG_WARN_UNGUARDED_AVAILABILITY = YES_AGGRESSIVE;
				CLANG_WARN_UNREACHABLE_CODE = YES;
				CLANG_WARN__DUPLICATE_METHOD_MATCH = YES;
				COPY_PHASE_STRIP = NO;
				DEBUG_INFORMATION_FORMAT = "dwarf-with-dsym";
				DEVELOPMENT_TEAM = G2CVP4KJ2Q;
				ENABLE_NS_ASSERTIONS = NO;
				ENABLE_STRICT_OBJC_MSGSEND = YES;
				ENABLE_USER_SCRIPT_SANDBOXING = YES;
				GCC_C_LANGUAGE_STANDARD = gnu17;
				GCC_NO_COMMON_BLOCKS = YES;
				GCC_WARN_64_TO_32_BIT_CONVERSION = YES;
				GCC_WARN_ABOUT_RETURN_TYPE = YES_ERROR;
				GCC_WARN_UNDECLARED_SELECTOR = YES;
				GCC_WARN_UNINITIALIZED_AUTOS = YES_AGGRESSIVE;
				GCC_WARN_UNUSED_FUNCTION = YES;
				GCC_WARN_UNUSED_VARIABLE = YES;
				IPHONEOS_DEPLOYMENT_TARGET = 26.0;
				LOCALIZATION_PREFERS_STRING_CATALOGS = YES;
				MTL_ENABLE_DEBUG_INFO = NO;
				MTL_FAST_MATH = YES;
				SDKROOT = iphoneos;
				SWIFT_COMPILATION_MODE = wholemodule;
				VALIDATE_PRODUCT = YES;
			};
			name = Release;
		};
		A5795C1C2F2868EA002DDD8B /* Debug */ = {
			isa = XCBuildConfiguration;
			buildSettings = {
				ASSETCATALOG_COMPILER_APPICON_NAME = AppIcon;
				ASSETCATALOG_COMPILER_GLOBAL_ACCENT_COLOR_NAME = AccentColor;
				CODE_SIGN_STYLE = Automatic;
				CURRENT_PROJECT_VERSION = 1;
				DEVELOPMENT_TEAM = G2CVP4KJ2Q;
				ENABLE_PREVIEWS = YES;
				GENERATE_INFOPLIST_FILE = YES;
				INFOPLIST_KEY_NSLocationWhenInUseUsageDescription = "We use heading to show compass direction for locating friends.";
				INFOPLIST_KEY_NSMicrophoneUsageDescription = "Voicebox uses your microphone for audio chatting.";
				INFOPLIST_KEY_UIApplicationSceneManifest_Generation = YES;
				INFOPLIST_KEY_UIApplicationSupportsIndirectInputEvents = YES;
				INFOPLIST_KEY_UILaunchScreen_Generation = YES;
				INFOPLIST_KEY_UISupportedInterfaceOrientations_iPad = "UIInterfaceOrientationPortrait UIInterfaceOrientationPortraitUpsideDown UIInterfaceOrientationLandscapeLeft UIInterfaceOrientationLandscapeRight";
				INFOPLIST_KEY_UISupportedInterfaceOrientations_iPhone = "UIInterfaceOrientationPortrait UIInterfaceOrientationLandscapeLeft UIInterfaceOrientationLandscapeRight";
				LD_RUNPATH_SEARCH_PATHS = (
					"$(inherited)",
					"@executable_path/Frameworks",
				);
				MARKETING_VERSION = 1.0;
				PRODUCT_BUNDLE_IDENTIFIER = "com.wama.voicebox-1-26";
				PRODUCT_NAME = "$(TARGET_NAME)";
				STRING_CATALOG_GENERATE_SYMBOLS = YES;
				SWIFT_APPROACHABLE_CONCURRENCY = YES;
				SWIFT_DEFAULT_ACTOR_ISOLATION = MainActor;
				SWIFT_EMIT_LOC_STRINGS = YES;
				SWIFT_UPCOMING_FEATURE_MEMBER_IMPORT_VISIBILITY = YES;
				SWIFT_VERSION = 5.0;
				TARGETED_DEVICE_FAMILY = "1,2";
			};
			name = Debug;
		};
		A5795C1D2F2868EA002DDD8B /* Release */ = {
			isa = XCBuildConfiguration;
			buildSettings = {
				ASSETCATALOG_COMPILER_APPICON_NAME = AppIcon;
				ASSETCATALOG_COMPILER_GLOBAL_ACCENT_COLOR_NAME = AccentColor;
				CODE_SIGN_STYLE = Automatic;
				CURRENT_PROJECT_VERSION = 1;
				DEVELOPMENT_TEAM = G2CVP4KJ2Q;
				ENABLE_PREVIEWS = YES;
				GENERATE_INFOPLIST_FILE = YES;
				INFOPLIST_KEY_NSLocationWhenInUseUsageDescription = "We use heading to show compass direction for locating friends.";
				INFOPLIST_KEY_NSMicrophoneUsageDescription = "Voicebox uses your microphone for audio chatting.";
				INFOPLIST_KEY_UIApplicationSceneManifest_Generation = YES;
				INFOPLIST_KEY_UIApplicationSupportsIndirectInputEvents = YES;
				INFOPLIST_KEY_UILaunchScreen_Generation = YES;
				INFOPLIST_KEY_UISupportedInterfaceOrientations_iPad = "UIInterfaceOrientationPortrait UIInterfaceOrientationPortraitUpsideDown UIInterfaceOrientationLandscapeLeft UIInterfaceOrientationLandscapeRight";
				INFOPLIST_KEY_UISupportedInterfaceOrientations_iPhone = "UIInterfaceOrientationPortrait UIInterfaceOrientationLandscapeLeft UIInterfaceOrientationLandscapeRight";
				LD_RUNPATH_SEARCH_PATHS = (
					"$(inherited)",
					"@executable_path/Frameworks",
				);
				MARKETING_VERSION = 1.0;
				PRODUCT_BUNDLE_IDENTIFIER = "com.wama.voicebox-1-26";
				PRODUCT_NAME = "$(TARGET_NAME)";
				STRING_CATALOG_GENERATE_SYMBOLS = YES;
				SWIFT_APPROACHABLE_CONCURRENCY = YES;
				SWIFT_DEFAULT_ACTOR_ISOLATION = MainActor;
				SWIFT_EMIT_LOC_STRINGS = YES;
				SWIFT_UPCOMING_FEATURE_MEMBER_IMPORT_VISIBILITY = YES;
				SWIFT_VERSION = 5.0;
				TARGETED_DEVICE_FAMILY = "1,2";
			};
			name = Release;
		};
		A5795C1F2F2868EA002DDD8B /* Debug */ = {
			isa = XCBuildConfiguration;
			buildSettings = {
				BUNDLE_LOADER = "$(TEST_HOST)";
				CODE_SIGN_STYLE = Automatic;
				CURRENT_PROJECT_VERSION = 1;
				DEVELOPMENT_TEAM = G2CVP4KJ2Q;
				GENERATE_INFOPLIST_FILE = YES;
				IPHONEOS_DEPLOYMENT_TARGET = 26.0;
				MARKETING_VERSION = 1.0;
				PRODUCT_BUNDLE_IDENTIFIER = "com.wama.voicebox-1-26Tests";
				PRODUCT_NAME = "$(TARGET_NAME)";
				STRING_CATALOG_GENERATE_SYMBOLS = NO;
				SWIFT_APPROACHABLE_CONCURRENCY = YES;
				SWIFT_EMIT_LOC_STRINGS = NO;
				SWIFT_UPCOMING_FEATURE_MEMBER_IMPORT_VISIBILITY = YES;
				SWIFT_VERSION = 5.0;
				TARGETED_DEVICE_FAMILY = "1,2";
				TEST_HOST = "$(BUILT_PRODUCTS_DIR)/voicebox-1-26.app/$(BUNDLE_EXECUTABLE_FOLDER_PATH)/voicebox-1-26";
			};
			name = Debug;
		};
		A5795C202F2868EA002DDD8B /* Release */ = {
			isa = XCBuildConfiguration;
			buildSettings = {
				BUNDLE_LOADER = "$(TEST_HOST)";
				CODE_SIGN_STYLE = Automatic;
				CURRENT_PROJECT_VERSION = 1;
				DEVELOPMENT_TEAM = G2CVP4KJ2Q;
				GENERATE_INFOPLIST_FILE = YES;
				IPHONEOS_DEPLOYMENT_TARGET = 26.0;
				MARKETING_VERSION = 1.0;
				PRODUCT_BUNDLE_IDENTIFIER = "com.wama.voicebox-1-26Tests";
				PRODUCT_NAME = "$(TARGET_NAME)";
				STRING_CATALOG_GENERATE_SYMBOLS = NO;
				SWIFT_APPROACHABLE_CONCURRENCY = YES;
				SWIFT_EMIT_LOC_STRINGS = NO;
				SWIFT_UPCOMING_FEATURE_MEMBER_IMPORT_VISIBILITY = YES;
				SWIFT_VERSION = 5.0;
				TARGETED_DEVICE_FAMILY = "1,2";
				TEST_HOST = "$(BUILT_PRODUCTS_DIR)/voicebox-1-26.app/$(BUNDLE_EXECUTABLE_FOLDER_PATH)/voicebox-1-26";
			};
			name = Release;
		};
		A5795C222F2868EA002DDD8B /* Debug */ = {
			isa = XCBuildConfiguration;
			buildSettings = {
				CODE_SIGN_STYLE = Automatic;
				CURRENT_PROJECT_VERSION = 1;
				DEVELOPMENT_TEAM = G2CVP4KJ2Q;
				GENERATE_INFOPLIST_FILE = YES;
				MARKETING_VERSION = 1.0;
				PRODUCT_BUNDLE_IDENTIFIER = "com.wama.voicebox-1-26UITests";
				PRODUCT_NAME = "$(TARGET_NAME)";
				STRING_CATALOG_GENERATE_SYMBOLS = NO;
				SWIFT_APPROACHABLE_CONCURRENCY = YES;
				SWIFT_EMIT_LOC_STRINGS = NO;
				SWIFT_UPCOMING_FEATURE_MEMBER_IMPORT_VISIBILITY = YES;
				SWIFT_VERSION = 5.0;
				TARGETED_DEVICE_FAMILY = "1,2";
				TEST_TARGET_NAME = "voicebox-1-26";
			};
			name = Debug;
		};
		A5795C232F2868EA002DDD8B /* Release */ = {
			isa = XCBuildConfiguration;
			buildSettings = {
				CODE_SIGN_STYLE = Automatic;
				CURRENT_PROJECT_VERSION = 1;
				DEVELOPMENT_TEAM = G2CVP4KJ2Q;
				GENERATE_INFOPLIST_FILE = YES;
				MARKETING_VERSION = 1.0;
				PRODUCT_BUNDLE_IDENTIFIER = "com.wama.voicebox-1-26UITests";
				PRODUCT_NAME = "$(TARGET_NAME)";
				STRING_CATALOG_GENERATE_SYMBOLS = NO;
				SWIFT_APPROACHABLE_CONCURRENCY = YES;
				SWIFT_EMIT_LOC_STRINGS = NO;
				SWIFT_UPCOMING_FEATURE_MEMBER_IMPORT_VISIBILITY = YES;
				SWIFT_VERSION = 5.0;
				TARGETED_DEVICE_FAMILY = "1,2";
				TEST_TARGET_NAME = "voicebox-1-26";
			};
			name = Release;
		};
/* End XCBuildConfiguration section */

/* Begin XCConfigurationList section */
		A5795BF52F2868E9002DDD8B /* Build configuration list for PBXProject "voicebox-1-26" */ = {
			isa = XCConfigurationList;
			buildConfigurations = (
				A5795C192F2868EA002DDD8B /* Debug */,
				A5795C1A2F2868EA002DDD8B /* Release */,
			);
			defaultConfigurationIsVisible = 0;
			defaultConfigurationName = Release;
		};
		A5795C1B2F2868EA002DDD8B /* Build configuration list for PBXNativeTarget "voicebox-1-26" */ = {
			isa = XCConfigurationList;
			buildConfigurations = (
				A5795C1C2F2868EA002DDD8B /* Debug */,
				A5795C1D2F2868EA002DDD8B /* Release */,
			);
			defaultConfigurationIsVisible = 0;
			defaultConfigurationName = Release;
		};
		A5795C1E2F2868EA002DDD8B /* Build configuration list for PBXNativeTarget "voicebox-1-26Tests" */ = {
			isa = XCConfigurationList;
			buildConfigurations = (
				A5795C1F2F2868EA002DDD8B /* Debug */,
				A5795C202F2868EA002DDD8B /* Release */,
			);
			defaultConfigurationIsVisible = 0;
			defaultConfigurationName = Release;
		};
		A5795C212F2868EA002DDD8B /* Build configuration list for PBXNativeTarget "voicebox-1-26UITests" */ = {
			isa = XCConfigurationList;
			buildConfigurations = (
				A5795C222F2868EA002DDD8B /* Debug */,
				A5795C232F2868EA002DDD8B /* Release */,
			);
			defaultConfigurationIsVisible = 0;
			defaultConfigurationName = Release;
		};
/* End XCConfigurationList section */

/* Begin XCRemoteSwiftPackageReference section */
		A5795CA92F29E374002DDD8B /* XCRemoteSwiftPackageReference "stream-video-swift" */ = {
			isa = XCRemoteSwiftPackageReference;
			repositoryURL = "https://github.com/GetStream/stream-video-swift";
			requirement = {
				kind = upToNextMajorVersion;
				minimumVersion = 1.40.0;
			};
		};
/* End XCRemoteSwiftPackageReference section */

/* Begin XCSwiftPackageProductDependency section */
		A5795CAA2F29E374002DDD8B /* StreamVideoSwiftUI */ = {
			isa = XCSwiftPackageProductDependency;
			package = A5795CA92F29E374002DDD8B /* XCRemoteSwiftPackageReference "stream-video-swift" */;
			productName = StreamVideoSwiftUI;
		};
		A5795CAC2F29E385002DDD8B /* StreamVideo */ = {
			isa = XCSwiftPackageProductDependency;
			package = A5795CA92F29E374002DDD8B /* XCRemoteSwiftPackageReference "stream-video-swift" */;
			productName = StreamVideo;
		};
/* End XCSwiftPackageProductDependency section */
	};
	rootObject = A5795BF22F2868E9002DDD8B /* Project object */;
}
